// !$*UTF8*$!
{
	archiveVersion = 1;
	classes = {
	};
	objectVersion = 45;
	objects = {

/* Begin PBXBuildFile section */
		1DDD58160DA1D0A300B32029 /* MainMenu.xib in Resources */ = {isa = PBXBuildFile; fileRef = 1DDD58140DA1D0A300B32029 /* MainMenu.xib */; };
		3499C4F91143702800776DD2 /* Main.m in Sources */ = {isa = PBXBuildFile; fileRef = 3499C4D11143702800776DD2 /* Main.m */; };
		3499C4FA1143702800776DD2 /* CompilerController.m in Sources */ = {isa = PBXBuildFile; fileRef = 3499C4D41143702800776DD2 /* CompilerController.m */; };
		3499C4FB1143702800776DD2 /* ConsoleViewController.m in Sources */ = {isa = PBXBuildFile; fileRef = 3499C4D61143702800776DD2 /* ConsoleViewController.m */; };
		3499C4FC1143702800776DD2 /* ErrorsViewController.m in Sources */ = {isa = PBXBuildFile; fileRef = 3499C4D81143702800776DD2 /* ErrorsViewController.m */; };
		3499C4FD1143702800776DD2 /* OutlineViewController.m in Sources */ = {isa = PBXBuildFile; fileRef = 3499C4DA1143702800776DD2 /* OutlineViewController.m */; };
		3499C4FE1143702800776DD2 /* WarningsViewController.m in Sources */ = {isa = PBXBuildFile; fileRef = 3499C4DC1143702800776DD2 /* WarningsViewController.m */; };
		3499C4FF1143702800776DD2 /* Compiler.m in Sources */ = {isa = PBXBuildFile; fileRef = 3499C4DF1143702800776DD2 /* Compiler.m */; };
		3499C5001143702800776DD2 /* OutputParser.m in Sources */ = {isa = PBXBuildFile; fileRef = 3499C4E11143702800776DD2 /* OutputParser.m */; };
		3499C5011143702800776DD2 /* RegexKitLite.m in Sources */ = {isa = PBXBuildFile; fileRef = 3499C4E41143702800776DD2 /* RegexKitLite.m */; };
		3499C5071143702800776DD2 /* CategoryCell.m in Sources */ = {isa = PBXBuildFile; fileRef = 3499C4F21143702800776DD2 /* CategoryCell.m */; };
		3499C5081143702800776DD2 /* MessageCell.m in Sources */ = {isa = PBXBuildFile; fileRef = 3499C4F41143702800776DD2 /* MessageCell.m */; };
		3499C5091143702800776DD2 /* MessagesTable.m in Sources */ = {isa = PBXBuildFile; fileRef = 3499C4F61143702800776DD2 /* MessagesTable.m */; };
		3499C50A1143702800776DD2 /* MessagesTableColumn.m in Sources */ = {isa = PBXBuildFile; fileRef = 3499C4F81143702800776DD2 /* MessagesTableColumn.m */; };
		3499C6001143890D00776DD2 /* CategoryNode.m in Sources */ = {isa = PBXBuildFile; fileRef = 3499C5F91143890D00776DD2 /* CategoryNode.m */; };
		3499C6011143890D00776DD2 /* CompilerMessage.m in Sources */ = {isa = PBXBuildFile; fileRef = 3499C5FB1143890D00776DD2 /* CompilerMessage.m */; };
		3499C6021143890D00776DD2 /* MessageNode.m in Sources */ = {isa = PBXBuildFile; fileRef = 3499C5FD1143890D00776DD2 /* MessageNode.m */; };
		3499C6031143890D00776DD2 /* OutlineViewNode.m in Sources */ = {isa = PBXBuildFile; fileRef = 3499C5FF1143890D00776DD2 /* OutlineViewNode.m */; };
		8D11072B0486CEB800E47090 /* InfoPlist.strings in Resources */ = {isa = PBXBuildFile; fileRef = 089C165CFE840E0CC02AAC07 /* InfoPlist.strings */; };
		8D11072D0486CEB800E47090 /* main.m in Sources */ = {isa = PBXBuildFile; fileRef = 29B97316FDCFA39411CA2CEA /* main.m */; settings = {ATTRIBUTES = (); }; };
		8D11072F0486CEB800E47090 /* Cocoa.framework in Frameworks */ = {isa = PBXBuildFile; fileRef = 1058C7A1FEA54F0111CA2CBB /* Cocoa.framework */; };
/* End PBXBuildFile section */

/* Begin PBXFileReference section */
		089C165DFE840E0CC02AAC07 /* English */ = {isa = PBXFileReference; fileEncoding = 10; lastKnownFileType = text.plist.strings; name = English; path = English.lproj/InfoPlist.strings; sourceTree = "<group>"; };
		1058C7A1FEA54F0111CA2CBB /* Cocoa.framework */ = {isa = PBXFileReference; lastKnownFileType = wrapper.framework; name = Cocoa.framework; path = /System/Library/Frameworks/Cocoa.framework; sourceTree = "<absolute>"; };
		13E42FB307B3F0F600E4EEF1 /* CoreData.framework */ = {isa = PBXFileReference; lastKnownFileType = wrapper.framework; name = CoreData.framework; path = /System/Library/Frameworks/CoreData.framework; sourceTree = "<absolute>"; };
		1DDD58150DA1D0A300B32029 /* English */ = {isa = PBXFileReference; lastKnownFileType = file.xib; name = English; path = English.lproj/MainMenu.xib; sourceTree = "<group>"; };
		29B97316FDCFA39411CA2CEA /* main.m */ = {isa = PBXFileReference; fileEncoding = 4; lastKnownFileType = sourcecode.c.objc; path = main.m; sourceTree = "<group>"; };
		29B97324FDCFA39411CA2CEA /* AppKit.framework */ = {isa = PBXFileReference; lastKnownFileType = wrapper.framework; name = AppKit.framework; path = /System/Library/Frameworks/AppKit.framework; sourceTree = "<absolute>"; };
		29B97325FDCFA39411CA2CEA /* Foundation.framework */ = {isa = PBXFileReference; lastKnownFileType = wrapper.framework; name = Foundation.framework; path = /System/Library/Frameworks/Foundation.framework; sourceTree = "<absolute>"; };
		32CA4F630368D1EE00C91783 /* StandaloneView_Prefix.pch */ = {isa = PBXFileReference; fileEncoding = 4; lastKnownFileType = sourcecode.c.h; path = StandaloneView_Prefix.pch; sourceTree = "<group>"; };
		3499C4D01143702800776DD2 /* Main.h */ = {isa = PBXFileReference; fileEncoding = 4; lastKnownFileType = sourcecode.c.h; path = Main.h; sourceTree = "<group>"; };
		3499C4D11143702800776DD2 /* Main.m */ = {isa = PBXFileReference; fileEncoding = 4; lastKnownFileType = sourcecode.c.objc; path = Main.m; sourceTree = "<group>"; };
		3499C4D31143702800776DD2 /* CompilerController.h */ = {isa = PBXFileReference; fileEncoding = 4; lastKnownFileType = sourcecode.c.h; path = CompilerController.h; sourceTree = "<group>"; };
		3499C4D41143702800776DD2 /* CompilerController.m */ = {isa = PBXFileReference; fileEncoding = 4; lastKnownFileType = sourcecode.c.objc; path = CompilerController.m; sourceTree = "<group>"; };
		3499C4D51143702800776DD2 /* ConsoleViewController.h */ = {isa = PBXFileReference; fileEncoding = 4; lastKnownFileType = sourcecode.c.h; path = ConsoleViewController.h; sourceTree = "<group>"; };
		3499C4D61143702800776DD2 /* ConsoleViewController.m */ = {isa = PBXFileReference; fileEncoding = 4; lastKnownFileType = sourcecode.c.objc; path = ConsoleViewController.m; sourceTree = "<group>"; };
		3499C4D71143702800776DD2 /* ErrorsViewController.h */ = {isa = PBXFileReference; fileEncoding = 4; lastKnownFileType = sourcecode.c.h; path = ErrorsViewController.h; sourceTree = "<group>"; };
		3499C4D81143702800776DD2 /* ErrorsViewController.m */ = {isa = PBXFileReference; fileEncoding = 4; lastKnownFileType = sourcecode.c.objc; path = ErrorsViewController.m; sourceTree = "<group>"; };
		3499C4D91143702800776DD2 /* OutlineViewController.h */ = {isa = PBXFileReference; fileEncoding = 4; lastKnownFileType = sourcecode.c.h; path = OutlineViewController.h; sourceTree = "<group>"; };
		3499C4DA1143702800776DD2 /* OutlineViewController.m */ = {isa = PBXFileReference; fileEncoding = 4; lastKnownFileType = sourcecode.c.objc; path = OutlineViewController.m; sourceTree = "<group>"; };
		3499C4DB1143702800776DD2 /* WarningsViewController.h */ = {isa = PBXFileReference; fileEncoding = 4; lastKnownFileType = sourcecode.c.h; path = WarningsViewController.h; sourceTree = "<group>"; };
		3499C4DC1143702800776DD2 /* WarningsViewController.m */ = {isa = PBXFileReference; fileEncoding = 4; lastKnownFileType = sourcecode.c.objc; path = WarningsViewController.m; sourceTree = "<group>"; };
		3499C4DE1143702800776DD2 /* Compiler.h */ = {isa = PBXFileReference; fileEncoding = 4; lastKnownFileType = sourcecode.c.h; path = Compiler.h; sourceTree = "<group>"; };
		3499C4DF1143702800776DD2 /* Compiler.m */ = {isa = PBXFileReference; fileEncoding = 4; lastKnownFileType = sourcecode.c.objc; path = Compiler.m; sourceTree = "<group>"; };
		3499C4E01143702800776DD2 /* OutputParser.h */ = {isa = PBXFileReference; fileEncoding = 4; lastKnownFileType = sourcecode.c.h; path = OutputParser.h; sourceTree = "<group>"; };
		3499C4E11143702800776DD2 /* OutputParser.m */ = {isa = PBXFileReference; fileEncoding = 4; lastKnownFileType = sourcecode.c.objc; path = OutputParser.m; sourceTree = "<group>"; };
		3499C4E31143702800776DD2 /* RegexKitLite.h */ = {isa = PBXFileReference; fileEncoding = 4; lastKnownFileType = sourcecode.c.h; path = RegexKitLite.h; sourceTree = "<group>"; };
		3499C4E41143702800776DD2 /* RegexKitLite.m */ = {isa = PBXFileReference; fileEncoding = 4; lastKnownFileType = sourcecode.c.objc; path = RegexKitLite.m; sourceTree = "<group>"; };
		3499C4F11143702800776DD2 /* CategoryCell.h */ = {isa = PBXFileReference; fileEncoding = 4; lastKnownFileType = sourcecode.c.h; path = CategoryCell.h; sourceTree = "<group>"; };
		3499C4F21143702800776DD2 /* CategoryCell.m */ = {isa = PBXFileReference; fileEncoding = 4; lastKnownFileType = sourcecode.c.objc; path = CategoryCell.m; sourceTree = "<group>"; };
		3499C4F31143702800776DD2 /* MessageCell.h */ = {isa = PBXFileReference; fileEncoding = 4; lastKnownFileType = sourcecode.c.h; path = MessageCell.h; sourceTree = "<group>"; };
		3499C4F41143702800776DD2 /* MessageCell.m */ = {isa = PBXFileReference; fileEncoding = 4; lastKnownFileType = sourcecode.c.objc; path = MessageCell.m; sourceTree = "<group>"; };
		3499C4F51143702800776DD2 /* MessagesTable.h */ = {isa = PBXFileReference; fileEncoding = 4; lastKnownFileType = sourcecode.c.h; path = MessagesTable.h; sourceTree = "<group>"; };
		3499C4F61143702800776DD2 /* MessagesTable.m */ = {isa = PBXFileReference; fileEncoding = 4; lastKnownFileType = sourcecode.c.objc; path = MessagesTable.m; sourceTree = "<group>"; };
		3499C4F71143702800776DD2 /* MessagesTableColumn.h */ = {isa = PBXFileReference; fileEncoding = 4; lastKnownFileType = sourcecode.c.h; path = MessagesTableColumn.h; sourceTree = "<group>"; };
		3499C4F81143702800776DD2 /* MessagesTableColumn.m */ = {isa = PBXFileReference; fileEncoding = 4; lastKnownFileType = sourcecode.c.objc; path = MessagesTableColumn.m; sourceTree = "<group>"; };
		3499C5F81143890D00776DD2 /* CategoryNode.h */ = {isa = PBXFileReference; fileEncoding = 4; lastKnownFileType = sourcecode.c.h; path = CategoryNode.h; sourceTree = "<group>"; };
		3499C5F91143890D00776DD2 /* CategoryNode.m */ = {isa = PBXFileReference; fileEncoding = 4; lastKnownFileType = sourcecode.c.objc; path = CategoryNode.m; sourceTree = "<group>"; };
		3499C5FA1143890D00776DD2 /* CompilerMessage.h */ = {isa = PBXFileReference; fileEncoding = 4; lastKnownFileType = sourcecode.c.h; path = CompilerMessage.h; sourceTree = "<group>"; };
		3499C5FB1143890D00776DD2 /* CompilerMessage.m */ = {isa = PBXFileReference; fileEncoding = 4; lastKnownFileType = sourcecode.c.objc; path = CompilerMessage.m; sourceTree = "<group>"; };
		3499C5FC1143890D00776DD2 /* MessageNode.h */ = {isa = PBXFileReference; fileEncoding = 4; lastKnownFileType = sourcecode.c.h; path = MessageNode.h; sourceTree = "<group>"; };
		3499C5FD1143890D00776DD2 /* MessageNode.m */ = {isa = PBXFileReference; fileEncoding = 4; lastKnownFileType = sourcecode.c.objc; path = MessageNode.m; sourceTree = "<group>"; };
		3499C5FE1143890D00776DD2 /* OutlineViewNode.h */ = {isa = PBXFileReference; fileEncoding = 4; lastKnownFileType = sourcecode.c.h; path = OutlineViewNode.h; sourceTree = "<group>"; };
		3499C5FF1143890D00776DD2 /* OutlineViewNode.m */ = {isa = PBXFileReference; fileEncoding = 4; lastKnownFileType = sourcecode.c.objc; path = OutlineViewNode.m; sourceTree = "<group>"; };
		8D1107310486CEB800E47090 /* Info.plist */ = {isa = PBXFileReference; fileEncoding = 4; lastKnownFileType = text.plist.xml; path = Info.plist; sourceTree = "<group>"; };
		8D1107320486CEB800E47090 /* StandaloneView.app */ = {isa = PBXFileReference; explicitFileType = wrapper.application; includeInIndex = 0; path = StandaloneView.app; sourceTree = BUILT_PRODUCTS_DIR; };
/* End PBXFileReference section */

/* Begin PBXFrameworksBuildPhase section */
		8D11072E0486CEB800E47090 /* Frameworks */ = {
			isa = PBXFrameworksBuildPhase;
			buildActionMask = 2147483647;
			files = (
				8D11072F0486CEB800E47090 /* Cocoa.framework in Frameworks */,
			);
			runOnlyForDeploymentPostprocessing = 0;
		};
/* End PBXFrameworksBuildPhase section */

/* Begin PBXGroup section */
		1058C7A0FEA54F0111CA2CBB /* Linked Frameworks */ = {
			isa = PBXGroup;
			children = (
				1058C7A1FEA54F0111CA2CBB /* Cocoa.framework */,
			);
			name = "Linked Frameworks";
			sourceTree = "<group>";
		};
		1058C7A2FEA54F0111CA2CBB /* Other Frameworks */ = {
			isa = PBXGroup;
			children = (
				29B97324FDCFA39411CA2CEA /* AppKit.framework */,
				13E42FB307B3F0F600E4EEF1 /* CoreData.framework */,
				29B97325FDCFA39411CA2CEA /* Foundation.framework */,
			);
			name = "Other Frameworks";
			sourceTree = "<group>";
		};
		19C28FACFE9D520D11CA2CBB /* Products */ = {
			isa = PBXGroup;
			children = (
				8D1107320486CEB800E47090 /* StandaloneView.app */,
			);
			name = Products;
			sourceTree = "<group>";
		};
		29B97314FDCFA39411CA2CEA /* StandaloneView */ = {
			isa = PBXGroup;
			children = (
				3499C4CE1143702800776DD2 /* classes */,
				29B97315FDCFA39411CA2CEA /* Other Sources */,
				29B97317FDCFA39411CA2CEA /* Resources */,
				29B97323FDCFA39411CA2CEA /* Frameworks */,
				19C28FACFE9D520D11CA2CBB /* Products */,
			);
			name = StandaloneView;
			sourceTree = "<group>";
		};
		29B97315FDCFA39411CA2CEA /* Other Sources */ = {
			isa = PBXGroup;
			children = (
				32CA4F630368D1EE00C91783 /* StandaloneView_Prefix.pch */,
				29B97316FDCFA39411CA2CEA /* main.m */,
			);
			name = "Other Sources";
			sourceTree = "<group>";
		};
		29B97317FDCFA39411CA2CEA /* Resources */ = {
			isa = PBXGroup;
			children = (
				8D1107310486CEB800E47090 /* Info.plist */,
				089C165CFE840E0CC02AAC07 /* InfoPlist.strings */,
				1DDD58140DA1D0A300B32029 /* MainMenu.xib */,
			);
			name = Resources;
			sourceTree = "<group>";
		};
		29B97323FDCFA39411CA2CEA /* Frameworks */ = {
			isa = PBXGroup;
			children = (
				1058C7A0FEA54F0111CA2CBB /* Linked Frameworks */,
				1058C7A2FEA54F0111CA2CBB /* Other Frameworks */,
			);
			name = Frameworks;
			sourceTree = "<group>";
		};
		3499C4CE1143702800776DD2 /* classes */ = {
			isa = PBXGroup;
			children = (
				3499C4CF1143702800776DD2 /* appDelegate */,
				3499C4D21143702800776DD2 /* controllers */,
				3499C4DD1143702800776DD2 /* helpers */,
				3499C4E21143702800776DD2 /* lib */,
				3499C4E51143702800776DD2 /* models */,
				3499C4F01143702800776DD2 /* views */,
			);
			name = classes;
			path = ../AS3Errors/classes;
			sourceTree = SOURCE_ROOT;
		};
		3499C4CF1143702800776DD2 /* appDelegate */ = {
			isa = PBXGroup;
			children = (
				3499C4D01143702800776DD2 /* Main.h */,
				3499C4D11143702800776DD2 /* Main.m */,
			);
			path = appDelegate;
			sourceTree = "<group>";
		};
		3499C4D21143702800776DD2 /* controllers */ = {
			isa = PBXGroup;
			children = (
				3499C4D31143702800776DD2 /* CompilerController.h */,
				3499C4D41143702800776DD2 /* CompilerController.m */,
				3499C4D51143702800776DD2 /* ConsoleViewController.h */,
				3499C4D61143702800776DD2 /* ConsoleViewController.m */,
				3499C4D71143702800776DD2 /* ErrorsViewController.h */,
				3499C4D81143702800776DD2 /* ErrorsViewController.m */,
				3499C4D91143702800776DD2 /* OutlineViewController.h */,
				3499C4DA1143702800776DD2 /* OutlineViewController.m */,
				3499C4DB1143702800776DD2 /* WarningsViewController.h */,
				3499C4DC1143702800776DD2 /* WarningsViewController.m */,
			);
			path = controllers;
			sourceTree = "<group>";
		};
		3499C4DD1143702800776DD2 /* helpers */ = {
			isa = PBXGroup;
			children = (
				3499C4DE1143702800776DD2 /* Compiler.h */,
				3499C4DF1143702800776DD2 /* Compiler.m */,
				3499C4E01143702800776DD2 /* OutputParser.h */,
				3499C4E11143702800776DD2 /* OutputParser.m */,
			);
			path = helpers;
			sourceTree = "<group>";
		};
		3499C4E21143702800776DD2 /* lib */ = {
			isa = PBXGroup;
			children = (
				3499C4E31143702800776DD2 /* RegexKitLite.h */,
				3499C4E41143702800776DD2 /* RegexKitLite.m */,
			);
			path = lib;
			sourceTree = "<group>";
		};
		3499C4E51143702800776DD2 /* models */ = {
			isa = PBXGroup;
			children = (
				3499C5F81143890D00776DD2 /* CategoryNode.h */,
				3499C5F91143890D00776DD2 /* CategoryNode.m */,
				3499C5FA1143890D00776DD2 /* CompilerMessage.h */,
				3499C5FB1143890D00776DD2 /* CompilerMessage.m */,
				3499C5FC1143890D00776DD2 /* MessageNode.h */,
				3499C5FD1143890D00776DD2 /* MessageNode.m */,
				3499C5FE1143890D00776DD2 /* OutlineViewNode.h */,
				3499C5FF1143890D00776DD2 /* OutlineViewNode.m */,
			);
			path = models;
			sourceTree = "<group>";
		};
		3499C4F01143702800776DD2 /* views */ = {
			isa = PBXGroup;
			children = (
				3499C4F11143702800776DD2 /* CategoryCell.h */,
				3499C4F21143702800776DD2 /* CategoryCell.m */,
				3499C4F31143702800776DD2 /* MessageCell.h */,
				3499C4F41143702800776DD2 /* MessageCell.m */,
				3499C4F51143702800776DD2 /* MessagesTable.h */,
				3499C4F61143702800776DD2 /* MessagesTable.m */,
				3499C4F71143702800776DD2 /* MessagesTableColumn.h */,
				3499C4F81143702800776DD2 /* MessagesTableColumn.m */,
			);
			path = views;
			sourceTree = "<group>";
		};
/* End PBXGroup section */

/* Begin PBXNativeTarget section */
		8D1107260486CEB800E47090 /* StandaloneView */ = {
			isa = PBXNativeTarget;
			buildConfigurationList = C01FCF4A08A954540054247B /* Build configuration list for PBXNativeTarget "StandaloneView" */;
			buildPhases = (
				8D1107290486CEB800E47090 /* Resources */,
				8D11072C0486CEB800E47090 /* Sources */,
				8D11072E0486CEB800E47090 /* Frameworks */,
			);
			buildRules = (
			);
			dependencies = (
			);
			name = StandaloneView;
			productInstallPath = "$(HOME)/Applications";
			productName = StandaloneView;
			productReference = 8D1107320486CEB800E47090 /* StandaloneView.app */;
			productType = "com.apple.product-type.application";
		};
/* End PBXNativeTarget section */

/* Begin PBXProject section */
		29B97313FDCFA39411CA2CEA /* Project object */ = {
			isa = PBXProject;
			buildConfigurationList = C01FCF4E08A954540054247B /* Build configuration list for PBXProject "StandaloneView" */;
			compatibilityVersion = "Xcode 3.1";
			hasScannedForEncodings = 1;
			mainGroup = 29B97314FDCFA39411CA2CEA /* StandaloneView */;
			projectDirPath = "";
			projectRoot = "";
			targets = (
				8D1107260486CEB800E47090 /* StandaloneView */,
			);
		};
/* End PBXProject section */

/* Begin PBXResourcesBuildPhase section */
		8D1107290486CEB800E47090 /* Resources */ = {
			isa = PBXResourcesBuildPhase;
			buildActionMask = 2147483647;
			files = (
				8D11072B0486CEB800E47090 /* InfoPlist.strings in Resources */,
				1DDD58160DA1D0A300B32029 /* MainMenu.xib in Resources */,
			);
			runOnlyForDeploymentPostprocessing = 0;
		};
/* End PBXResourcesBuildPhase section */

/* Begin PBXSourcesBuildPhase section */
		8D11072C0486CEB800E47090 /* Sources */ = {
			isa = PBXSourcesBuildPhase;
			buildActionMask = 2147483647;
			files = (
				8D11072D0486CEB800E47090 /* main.m in Sources */,
				3499C4F91143702800776DD2 /* Main.m in Sources */,
				3499C4FA1143702800776DD2 /* CompilerController.m in Sources */,
				3499C4FB1143702800776DD2 /* ConsoleViewController.m in Sources */,
				3499C4FC1143702800776DD2 /* ErrorsViewController.m in Sources */,
				3499C4FD1143702800776DD2 /* OutlineViewController.m in Sources */,
				3499C4FE1143702800776DD2 /* WarningsViewController.m in Sources */,
				3499C4FF1143702800776DD2 /* Compiler.m in Sources */,
				3499C5001143702800776DD2 /* OutputParser.m in Sources */,
				3499C5011143702800776DD2 /* RegexKitLite.m in Sources */,
				3499C5071143702800776DD2 /* CategoryCell.m in Sources */,
				3499C5081143702800776DD2 /* MessageCell.m in Sources */,
				3499C5091143702800776DD2 /* MessagesTable.m in Sources */,
				3499C50A1143702800776DD2 /* MessagesTableColumn.m in Sources */,
				3499C6001143890D00776DD2 /* CategoryNode.m in Sources */,
				3499C6011143890D00776DD2 /* CompilerMessage.m in Sources */,
				3499C6021143890D00776DD2 /* MessageNode.m in Sources */,
				3499C6031143890D00776DD2 /* OutlineViewNode.m in Sources */,
			);
			runOnlyForDeploymentPostprocessing = 0;
		};
/* End PBXSourcesBuildPhase section */

/* Begin PBXVariantGroup section */
		089C165CFE840E0CC02AAC07 /* InfoPlist.strings */ = {
			isa = PBXVariantGroup;
			children = (
				089C165DFE840E0CC02AAC07 /* English */,
			);
			name = InfoPlist.strings;
			sourceTree = "<group>";
		};
		1DDD58140DA1D0A300B32029 /* MainMenu.xib */ = {
			isa = PBXVariantGroup;
			children = (
				1DDD58150DA1D0A300B32029 /* English */,
			);
			name = MainMenu.xib;
			sourceTree = "<group>";
		};
/* End PBXVariantGroup section */

/* Begin XCBuildConfiguration section */
		C01FCF4B08A954540054247B /* Debug */ = {
			isa = XCBuildConfiguration;
			buildSettings = {
				ALWAYS_SEARCH_USER_PATHS = NO;
				COPY_PHASE_STRIP = NO;
				GCC_DYNAMIC_NO_PIC = NO;
				GCC_ENABLE_FIX_AND_CONTINUE = YES;
				GCC_MODEL_TUNING = G5;
				GCC_OPTIMIZATION_LEVEL = 0;
				GCC_PRECOMPILE_PREFIX_HEADER = YES;
				GCC_PREFIX_HEADER = StandaloneView_Prefix.pch;
				INFOPLIST_FILE = Info.plist;
				INSTALL_PATH = "$(HOME)/Applications";
				OTHER_LDFLAGS = "-licucore";
				PRODUCT_NAME = StandaloneView;
			};
			name = Debug;
		};
		C01FCF4C08A954540054247B /* Release */ = {
			isa = XCBuildConfiguration;
			buildSettings = {
				ALWAYS_SEARCH_USER_PATHS = NO;
				DEBUG_INFORMATION_FORMAT = "dwarf-with-dsym";
				GCC_MODEL_TUNING = G5;
				GCC_PRECOMPILE_PREFIX_HEADER = YES;
				GCC_PREFIX_HEADER = StandaloneView_Prefix.pch;
				INFOPLIST_FILE = Info.plist;
				INSTALL_PATH = "$(HOME)/Applications";
				PRODUCT_NAME = StandaloneView;
			};
			name = Release;
		};
		C01FCF4F08A954540054247B /* Debug */ = {
			isa = XCBuildConfiguration;
			buildSettings = {
				ARCHS = "$(ARCHS_STANDARD_32_BIT)";
				GCC_C_LANGUAGE_STANDARD = c99;
				GCC_OPTIMIZATION_LEVEL = 0;
				GCC_WARN_ABOUT_RETURN_TYPE = YES;
				GCC_WARN_UNUSED_VARIABLE = YES;
				ONLY_ACTIVE_ARCH = YES;
				PREBINDING = NO;
				SDKROOT = macosx10.5;
			};
			name = Debug;
		};
		C01FCF5008A954540054247B /* Release */ = {
			isa = XCBuildConfiguration;
			buildSettings = {
				ARCHS = "$(ARCHS_STANDARD_32_BIT)";
				GCC_C_LANGUAGE_STANDARD = c99;
				GCC_WARN_ABOUT_RETURN_TYPE = YES;
				GCC_WARN_UNUSED_VARIABLE = YES;
				PREBINDING = NO;
				SDKROOT = macosx10.5;
			};
			name = Release;
		};
/* End XCBuildConfiguration section */

/* Begin XCConfigurationList section */
		C01FCF4A08A954540054247B /* Build configuration list for PBXNativeTarget "StandaloneView" */ = {
			isa = XCConfigurationList;
			buildConfigurations = (
				C01FCF4B08A954540054247B /* Debug */,
				C01FCF4C08A954540054247B /* Release */,
			);
			defaultConfigurationIsVisible = 0;
			defaultConfigurationName = Release;
		};
		C01FCF4E08A954540054247B /* Build configuration list for PBXProject "StandaloneView" */ = {
			isa = XCConfigurationList;
			buildConfigurations = (
				C01FCF4F08A954540054247B /* Debug */,
				C01FCF5008A954540054247B /* Release */,
			);
			defaultConfigurationIsVisible = 0;
			defaultConfigurationName = Release;
		};
/* End XCConfigurationList section */
	};
	rootObject = 29B97313FDCFA39411CA2CEA /* Project object */;
}
