// !$*UTF8*$!
{
	archiveVersion = 1;
	classes = {
	};
	objectVersion = 45;
	objects = {

/* Begin PBXBuildFile section */
		3499C63C11438ECE00776DD2 /* CategoryNode.m in Sources */ = {isa = PBXBuildFile; fileRef = 3499C63511438ECE00776DD2 /* CategoryNode.m */; };
		3499C63D11438ECE00776DD2 /* CompilerMessage.m in Sources */ = {isa = PBXBuildFile; fileRef = 3499C63711438ECE00776DD2 /* CompilerMessage.m */; };
		3499C63E11438ECE00776DD2 /* MessageNode.m in Sources */ = {isa = PBXBuildFile; fileRef = 3499C63911438ECE00776DD2 /* MessageNode.m */; };
		3499C63F11438ECE00776DD2 /* OutlineViewNode.m in Sources */ = {isa = PBXBuildFile; fileRef = 3499C63B11438ECE00776DD2 /* OutlineViewNode.m */; };
		3499C64F11438EF500776DD2 /* CategoryCell.m in Sources */ = {isa = PBXBuildFile; fileRef = 3499C64811438EF500776DD2 /* CategoryCell.m */; };
		3499C65011438EF500776DD2 /* MessageCell.m in Sources */ = {isa = PBXBuildFile; fileRef = 3499C64A11438EF500776DD2 /* MessageCell.m */; };
		3499C65111438EF500776DD2 /* MessagesTable.m in Sources */ = {isa = PBXBuildFile; fileRef = 3499C64C11438EF500776DD2 /* MessagesTable.m */; };
		3499C65211438EF500776DD2 /* MessagesTableColumn.m in Sources */ = {isa = PBXBuildFile; fileRef = 3499C64E11438EF500776DD2 /* MessagesTableColumn.m */; };
		3499C65E11438F8F00776DD2 /* MainMenu.xib in Resources */ = {isa = PBXBuildFile; fileRef = 3499C65D11438F8F00776DD2 /* MainMenu.xib */; };
		7492ED94114545100062AF1C /* fcshctl-mxmlc-ni in Resources */ = {isa = PBXBuildFile; fileRef = 7492ED91114545100062AF1C /* fcshctl-mxmlc-ni */; };
		7492ED95114545100062AF1C /* fcshctl-mxmlc in Resources */ = {isa = PBXBuildFile; fileRef = 7492ED92114545100062AF1C /* fcshctl-mxmlc */; };
		7492ED96114545100062AF1C /* fcshctl in Resources */ = {isa = PBXBuildFile; fileRef = 7492ED93114545100062AF1C /* fcshctl */; };
		74AEC1BF1143576900B31661 /* Main.m in Sources */ = {isa = PBXBuildFile; fileRef = 74AEC1A31143576900B31661 /* Main.m */; };
		74AEC1C01143576900B31661 /* CompilerController.m in Sources */ = {isa = PBXBuildFile; fileRef = 74AEC1A61143576900B31661 /* CompilerController.m */; };
		74AEC1C11143576900B31661 /* ConsoleViewController.m in Sources */ = {isa = PBXBuildFile; fileRef = 74AEC1A81143576900B31661 /* ConsoleViewController.m */; };
		74AEC1C21143576900B31661 /* ErrorsViewController.m in Sources */ = {isa = PBXBuildFile; fileRef = 74AEC1AA1143576900B31661 /* ErrorsViewController.m */; };
		74AEC1C51143576900B31661 /* Compiler.m in Sources */ = {isa = PBXBuildFile; fileRef = 74AEC1B11143576900B31661 /* Compiler.m */; };
		74AEC1C71143576900B31661 /* OutputParser.m in Sources */ = {isa = PBXBuildFile; fileRef = 74AEC1B51143576900B31661 /* OutputParser.m */; };
		74AEC1D4114357BE00B31661 /* CompilerErrors.nib in Resources */ = {isa = PBXBuildFile; fileRef = 74AEC1D3114357BE00B31661 /* CompilerErrors.nib */; };
		74AEC20311435BD700B31661 /* RegexKitLite.m in Sources */ = {isa = PBXBuildFile; fileRef = 74AEC20211435BD700B31661 /* RegexKitLite.m */; };
		8D5B49B4048680CD000E48DA /* Cocoa.framework in Frameworks */ = {isa = PBXBuildFile; fileRef = 1058C7ADFEA557BF11CA2CBB /* Cocoa.framework */; };
/* End PBXBuildFile section */

/* Begin PBXFileReference section */
		089C1672FE841209C02AAC07 /* Foundation.framework */ = {isa = PBXFileReference; lastKnownFileType = wrapper.framework; name = Foundation.framework; path = /System/Library/Frameworks/Foundation.framework; sourceTree = "<absolute>"; };
		089C167FFE841241C02AAC07 /* AppKit.framework */ = {isa = PBXFileReference; lastKnownFileType = wrapper.framework; name = AppKit.framework; path = /System/Library/Frameworks/AppKit.framework; sourceTree = "<absolute>"; };
		1058C7ADFEA557BF11CA2CBB /* Cocoa.framework */ = {isa = PBXFileReference; lastKnownFileType = wrapper.framework; name = Cocoa.framework; path = /System/Library/Frameworks/Cocoa.framework; sourceTree = "<absolute>"; };
		32DBCF630370AF2F00C91783 /* TMAS3ComplierErrorsPlugin_Prefix.pch */ = {isa = PBXFileReference; fileEncoding = 4; lastKnownFileType = sourcecode.c.h; path = TMAS3ComplierErrorsPlugin_Prefix.pch; sourceTree = "<group>"; };
		3499C63411438ECE00776DD2 /* CategoryNode.h */ = {isa = PBXFileReference; fileEncoding = 4; lastKnownFileType = sourcecode.c.h; path = CategoryNode.h; sourceTree = "<group>"; };
		3499C63511438ECE00776DD2 /* CategoryNode.m */ = {isa = PBXFileReference; fileEncoding = 4; lastKnownFileType = sourcecode.c.objc; path = CategoryNode.m; sourceTree = "<group>"; };
		3499C63611438ECE00776DD2 /* CompilerMessage.h */ = {isa = PBXFileReference; fileEncoding = 4; lastKnownFileType = sourcecode.c.h; path = CompilerMessage.h; sourceTree = "<group>"; };
		3499C63711438ECE00776DD2 /* CompilerMessage.m */ = {isa = PBXFileReference; fileEncoding = 4; lastKnownFileType = sourcecode.c.objc; path = CompilerMessage.m; sourceTree = "<group>"; };
		3499C63811438ECE00776DD2 /* MessageNode.h */ = {isa = PBXFileReference; fileEncoding = 4; lastKnownFileType = sourcecode.c.h; path = MessageNode.h; sourceTree = "<group>"; };
		3499C63911438ECE00776DD2 /* MessageNode.m */ = {isa = PBXFileReference; fileEncoding = 4; lastKnownFileType = sourcecode.c.objc; path = MessageNode.m; sourceTree = "<group>"; };
		3499C63A11438ECE00776DD2 /* OutlineViewNode.h */ = {isa = PBXFileReference; fileEncoding = 4; lastKnownFileType = sourcecode.c.h; path = OutlineViewNode.h; sourceTree = "<group>"; };
		3499C63B11438ECE00776DD2 /* OutlineViewNode.m */ = {isa = PBXFileReference; fileEncoding = 4; lastKnownFileType = sourcecode.c.objc; path = OutlineViewNode.m; sourceTree = "<group>"; };
		3499C64711438EF500776DD2 /* CategoryCell.h */ = {isa = PBXFileReference; fileEncoding = 4; lastKnownFileType = sourcecode.c.h; path = CategoryCell.h; sourceTree = "<group>"; };
		3499C64811438EF500776DD2 /* CategoryCell.m */ = {isa = PBXFileReference; fileEncoding = 4; lastKnownFileType = sourcecode.c.objc; path = CategoryCell.m; sourceTree = "<group>"; };
		3499C64911438EF500776DD2 /* MessageCell.h */ = {isa = PBXFileReference; fileEncoding = 4; lastKnownFileType = sourcecode.c.h; path = MessageCell.h; sourceTree = "<group>"; };
		3499C64A11438EF500776DD2 /* MessageCell.m */ = {isa = PBXFileReference; fileEncoding = 4; lastKnownFileType = sourcecode.c.objc; path = MessageCell.m; sourceTree = "<group>"; };
		3499C64B11438EF500776DD2 /* MessagesTable.h */ = {isa = PBXFileReference; fileEncoding = 4; lastKnownFileType = sourcecode.c.h; path = MessagesTable.h; sourceTree = "<group>"; };
		3499C64C11438EF500776DD2 /* MessagesTable.m */ = {isa = PBXFileReference; fileEncoding = 4; lastKnownFileType = sourcecode.c.objc; path = MessagesTable.m; sourceTree = "<group>"; };
		3499C64D11438EF500776DD2 /* MessagesTableColumn.h */ = {isa = PBXFileReference; fileEncoding = 4; lastKnownFileType = sourcecode.c.h; path = MessagesTableColumn.h; sourceTree = "<group>"; };
		3499C64E11438EF500776DD2 /* MessagesTableColumn.m */ = {isa = PBXFileReference; fileEncoding = 4; lastKnownFileType = sourcecode.c.objc; path = MessagesTableColumn.m; sourceTree = "<group>"; };
		3499C65D11438F8F00776DD2 /* MainMenu.xib */ = {isa = PBXFileReference; lastKnownFileType = file.xib; path = MainMenu.xib; sourceTree = "<group>"; };
		7492ED91114545100062AF1C /* fcshctl-mxmlc-ni */ = {isa = PBXFileReference; fileEncoding = 4; lastKnownFileType = text.script.sh; path = "fcshctl-mxmlc-ni"; sourceTree = "<group>"; };
		7492ED92114545100062AF1C /* fcshctl-mxmlc */ = {isa = PBXFileReference; fileEncoding = 4; lastKnownFileType = text.script.sh; path = "fcshctl-mxmlc"; sourceTree = "<group>"; };
		7492ED93114545100062AF1C /* fcshctl */ = {isa = PBXFileReference; fileEncoding = 4; lastKnownFileType = text.script.sh; path = fcshctl; sourceTree = "<group>"; };
		74AEC1A21143576900B31661 /* Main.h */ = {isa = PBXFileReference; fileEncoding = 4; lastKnownFileType = sourcecode.c.h; path = Main.h; sourceTree = "<group>"; };
		74AEC1A31143576900B31661 /* Main.m */ = {isa = PBXFileReference; fileEncoding = 4; lastKnownFileType = sourcecode.c.objc; path = Main.m; sourceTree = "<group>"; };
		74AEC1A51143576900B31661 /* CompilerController.h */ = {isa = PBXFileReference; fileEncoding = 4; lastKnownFileType = sourcecode.c.h; path = CompilerController.h; sourceTree = "<group>"; };
		74AEC1A61143576900B31661 /* CompilerController.m */ = {isa = PBXFileReference; fileEncoding = 4; lastKnownFileType = sourcecode.c.objc; path = CompilerController.m; sourceTree = "<group>"; };
		74AEC1A71143576900B31661 /* ConsoleViewController.h */ = {isa = PBXFileReference; fileEncoding = 4; lastKnownFileType = sourcecode.c.h; path = ConsoleViewController.h; sourceTree = "<group>"; };
		74AEC1A81143576900B31661 /* ConsoleViewController.m */ = {isa = PBXFileReference; fileEncoding = 4; lastKnownFileType = sourcecode.c.objc; path = ConsoleViewController.m; sourceTree = "<group>"; };
		74AEC1A91143576900B31661 /* ErrorsViewController.h */ = {isa = PBXFileReference; fileEncoding = 4; lastKnownFileType = sourcecode.c.h; path = ErrorsViewController.h; sourceTree = "<group>"; };
		74AEC1AA1143576900B31661 /* ErrorsViewController.m */ = {isa = PBXFileReference; fileEncoding = 4; lastKnownFileType = sourcecode.c.objc; path = ErrorsViewController.m; sourceTree = "<group>"; };
		74AEC1B01143576900B31661 /* Compiler.h */ = {isa = PBXFileReference; fileEncoding = 4; lastKnownFileType = sourcecode.c.h; path = Compiler.h; sourceTree = "<group>"; };
		74AEC1B11143576900B31661 /* Compiler.m */ = {isa = PBXFileReference; fileEncoding = 4; lastKnownFileType = sourcecode.c.objc; path = Compiler.m; sourceTree = "<group>"; };
		74AEC1B41143576900B31661 /* OutputParser.h */ = {isa = PBXFileReference; fileEncoding = 4; lastKnownFileType = sourcecode.c.h; path = OutputParser.h; sourceTree = "<group>"; };
		74AEC1B51143576900B31661 /* OutputParser.m */ = {isa = PBXFileReference; fileEncoding = 4; lastKnownFileType = sourcecode.c.objc; path = OutputParser.m; sourceTree = "<group>"; };
		74AEC1D3114357BE00B31661 /* CompilerErrors.nib */ = {isa = PBXFileReference; lastKnownFileType = wrapper.nib; path = CompilerErrors.nib; sourceTree = "<group>"; };
		74AEC20111435BD700B31661 /* RegexKitLite.h */ = {isa = PBXFileReference; fileEncoding = 4; lastKnownFileType = sourcecode.c.h; path = RegexKitLite.h; sourceTree = "<group>"; };
		74AEC20211435BD700B31661 /* RegexKitLite.m */ = {isa = PBXFileReference; fileEncoding = 4; lastKnownFileType = sourcecode.c.objc; path = RegexKitLite.m; sourceTree = "<group>"; };
		8D5B49B6048680CD000E48DA /* TMAS3ComplierErrorsPlugin.bundle */ = {isa = PBXFileReference; explicitFileType = wrapper.cfbundle; includeInIndex = 0; path = TMAS3ComplierErrorsPlugin.bundle; sourceTree = BUILT_PRODUCTS_DIR; };
		D2F7E65807B2D6F200F64583 /* CoreData.framework */ = {isa = PBXFileReference; lastKnownFileType = wrapper.framework; name = CoreData.framework; path = /System/Library/Frameworks/CoreData.framework; sourceTree = "<absolute>"; };
/* End PBXFileReference section */

/* Begin PBXFrameworksBuildPhase section */
		8D5B49B3048680CD000E48DA /* Frameworks */ = {
			isa = PBXFrameworksBuildPhase;
			buildActionMask = 2147483647;
			files = (
				8D5B49B4048680CD000E48DA /* Cocoa.framework in Frameworks */,
			);
			runOnlyForDeploymentPostprocessing = 0;
		};
/* End PBXFrameworksBuildPhase section */

/* Begin PBXGroup section */
		089C166AFE841209C02AAC07 /* TMAS3ComplierErrorsPlugin */ = {
			isa = PBXGroup;
			children = (
				74AEC1A01143576900B31661 /* classes */,
				74AEC1D0114357BE00B31661 /* resources */,
				32C88E010371C26100C91783 /* Other Sources */,
				089C1671FE841209C02AAC07 /* Frameworks and Libraries */,
				19C28FB8FE9D52D311CA2CBB /* Products */,
			);
			name = TMAS3ComplierErrorsPlugin;
			sourceTree = "<group>";
		};
		089C1671FE841209C02AAC07 /* Frameworks and Libraries */ = {
			isa = PBXGroup;
			children = (
				1058C7ACFEA557BF11CA2CBB /* Linked Frameworks */,
				1058C7AEFEA557BF11CA2CBB /* Other Frameworks */,
			);
			name = "Frameworks and Libraries";
			sourceTree = "<group>";
		};
		1058C7ACFEA557BF11CA2CBB /* Linked Frameworks */ = {
			isa = PBXGroup;
			children = (
				1058C7ADFEA557BF11CA2CBB /* Cocoa.framework */,
			);
			name = "Linked Frameworks";
			sourceTree = "<group>";
		};
		1058C7AEFEA557BF11CA2CBB /* Other Frameworks */ = {
			isa = PBXGroup;
			children = (
				089C167FFE841241C02AAC07 /* AppKit.framework */,
				D2F7E65807B2D6F200F64583 /* CoreData.framework */,
				089C1672FE841209C02AAC07 /* Foundation.framework */,
			);
			name = "Other Frameworks";
			sourceTree = "<group>";
		};
		19C28FB8FE9D52D311CA2CBB /* Products */ = {
			isa = PBXGroup;
			children = (
				8D5B49B6048680CD000E48DA /* TMAS3ComplierErrorsPlugin.bundle */,
			);
			name = Products;
			sourceTree = "<group>";
		};
		32C88E010371C26100C91783 /* Other Sources */ = {
			isa = PBXGroup;
			children = (
				32DBCF630370AF2F00C91783 /* TMAS3ComplierErrorsPlugin_Prefix.pch */,
			);
			name = "Other Sources";
			sourceTree = "<group>";
		};
		3499C64611438EF500776DD2 /* views */ = {
			isa = PBXGroup;
			children = (
				3499C64711438EF500776DD2 /* CategoryCell.h */,
				3499C64811438EF500776DD2 /* CategoryCell.m */,
				3499C64911438EF500776DD2 /* MessageCell.h */,
				3499C64A11438EF500776DD2 /* MessageCell.m */,
				3499C64B11438EF500776DD2 /* MessagesTable.h */,
				3499C64C11438EF500776DD2 /* MessagesTable.m */,
				3499C64D11438EF500776DD2 /* MessagesTableColumn.h */,
				3499C64E11438EF500776DD2 /* MessagesTableColumn.m */,
			);
			path = views;
			sourceTree = "<group>";
		};
		74AEC1A01143576900B31661 /* classes */ = {
			isa = PBXGroup;
			children = (
				3499C64611438EF500776DD2 /* views */,
				74AEC1A11143576900B31661 /* appDelegate */,
				74AEC1A41143576900B31661 /* controllers */,
				74AEC1AF1143576900B31661 /* helpers */,
				74AEC20011435BD700B31661 /* lib */,
				74AEC1B61143576900B31661 /* models */,
			);
			path = classes;
			sourceTree = "<group>";
		};
		74AEC1A11143576900B31661 /* appDelegate */ = {
			isa = PBXGroup;
			children = (
				74AEC1A21143576900B31661 /* Main.h */,
				74AEC1A31143576900B31661 /* Main.m */,
			);
			path = appDelegate;
			sourceTree = "<group>";
		};
		74AEC1A41143576900B31661 /* controllers */ = {
			isa = PBXGroup;
			children = (
				74AEC1A51143576900B31661 /* CompilerController.h */,
				74AEC1A61143576900B31661 /* CompilerController.m */,
				74AEC1A71143576900B31661 /* ConsoleViewController.h */,
				74AEC1A81143576900B31661 /* ConsoleViewController.m */,
				74AEC1A91143576900B31661 /* ErrorsViewController.h */,
				74AEC1AA1143576900B31661 /* ErrorsViewController.m */,
			);
			path = controllers;
			sourceTree = "<group>";
		};
		74AEC1AF1143576900B31661 /* helpers */ = {
			isa = PBXGroup;
			children = (
				74AEC1B01143576900B31661 /* Compiler.h */,
				74AEC1B11143576900B31661 /* Compiler.m */,
				74AEC1B41143576900B31661 /* OutputParser.h */,
				74AEC1B51143576900B31661 /* OutputParser.m */,
			);
			path = helpers;
			sourceTree = "<group>";
		};
		74AEC1B61143576900B31661 /* models */ = {
			isa = PBXGroup;
			children = (
				3499C63411438ECE00776DD2 /* CategoryNode.h */,
				3499C63511438ECE00776DD2 /* CategoryNode.m */,
				3499C63611438ECE00776DD2 /* CompilerMessage.h */,
				3499C63711438ECE00776DD2 /* CompilerMessage.m */,
				3499C63811438ECE00776DD2 /* MessageNode.h */,
				3499C63911438ECE00776DD2 /* MessageNode.m */,
				3499C63A11438ECE00776DD2 /* OutlineViewNode.h */,
				3499C63B11438ECE00776DD2 /* OutlineViewNode.m */,
			);
			path = models;
			sourceTree = "<group>";
		};
		74AEC1D0114357BE00B31661 /* resources */ = {
			isa = PBXGroup;
			children = (
				74AEC1D2114357BE00B31661 /* nib */,
				74AEC1F611435AEB00B31661 /* scripts */,
			);
			path = resources;
			sourceTree = "<group>";
		};
		74AEC1D2114357BE00B31661 /* nib */ = {
			isa = PBXGroup;
			children = (
				3499C65D11438F8F00776DD2 /* MainMenu.xib */,
				74AEC1D3114357BE00B31661 /* CompilerErrors.nib */,
			);
			path = nib;
			sourceTree = "<group>";
		};
		74AEC1F611435AEB00B31661 /* scripts */ = {
			isa = PBXGroup;
			children = (
				7492ED91114545100062AF1C /* fcshctl-mxmlc-ni */,
				7492ED92114545100062AF1C /* fcshctl-mxmlc */,
				7492ED93114545100062AF1C /* fcshctl */,
			);
			path = scripts;
			sourceTree = "<group>";
		};
		74AEC20011435BD700B31661 /* lib */ = {
			isa = PBXGroup;
			children = (
				74AEC20111435BD700B31661 /* RegexKitLite.h */,
				74AEC20211435BD700B31661 /* RegexKitLite.m */,
			);
			path = lib;
			sourceTree = "<group>";
		};
/* End PBXGroup section */

/* Begin PBXNativeTarget section */
		8D5B49AC048680CD000E48DA /* TMAS3ComplierErrorsPlugin */ = {
			isa = PBXNativeTarget;
			buildConfigurationList = 1DEB913A08733D840010E9CD /* Build configuration list for PBXNativeTarget "TMAS3ComplierErrorsPlugin" */;
			buildPhases = (
				8D5B49AF048680CD000E48DA /* Resources */,
				8D5B49B1048680CD000E48DA /* Sources */,
				8D5B49B3048680CD000E48DA /* Frameworks */,
			);
			buildRules = (
			);
			dependencies = (
			);
			name = TMAS3ComplierErrorsPlugin;
			productInstallPath = "$(HOME)/Library/Bundles";
			productName = TMAS3ComplierErrorsPlugin;
			productReference = 8D5B49B6048680CD000E48DA /* TMAS3ComplierErrorsPlugin.bundle */;
			productType = "com.apple.product-type.bundle";
		};
/* End PBXNativeTarget section */

/* Begin PBXProject section */
		089C1669FE841209C02AAC07 /* Project object */ = {
			isa = PBXProject;
			buildConfigurationList = 1DEB913E08733D840010E9CD /* Build configuration list for PBXProject "TMAS3ComplierErrorsPlugin" */;
			compatibilityVersion = "Xcode 3.1";
			hasScannedForEncodings = 1;
			mainGroup = 089C166AFE841209C02AAC07 /* TMAS3ComplierErrorsPlugin */;
			projectDirPath = "";
			projectRoot = "";
			targets = (
				8D5B49AC048680CD000E48DA /* TMAS3ComplierErrorsPlugin */,
			);
		};
/* End PBXProject section */

/* Begin PBXResourcesBuildPhase section */
		8D5B49AF048680CD000E48DA /* Resources */ = {
			isa = PBXResourcesBuildPhase;
			buildActionMask = 2147483647;
			files = (
				74AEC1D4114357BE00B31661 /* CompilerErrors.nib in Resources */,
				3499C65E11438F8F00776DD2 /* MainMenu.xib in Resources */,
				7492ED94114545100062AF1C /* fcshctl-mxmlc-ni in Resources */,
				7492ED95114545100062AF1C /* fcshctl-mxmlc in Resources */,
				7492ED96114545100062AF1C /* fcshctl in Resources */,
			);
			runOnlyForDeploymentPostprocessing = 0;
		};
/* End PBXResourcesBuildPhase section */

/* Begin PBXSourcesBuildPhase section */
		8D5B49B1048680CD000E48DA /* Sources */ = {
			isa = PBXSourcesBuildPhase;
			buildActionMask = 2147483647;
			files = (
				74AEC1BF1143576900B31661 /* Main.m in Sources */,
				74AEC1C01143576900B31661 /* CompilerController.m in Sources */,
				74AEC1C11143576900B31661 /* ConsoleViewController.m in Sources */,
				74AEC1C21143576900B31661 /* ErrorsViewController.m in Sources */,
				74AEC1C51143576900B31661 /* Compiler.m in Sources */,
				74AEC1C71143576900B31661 /* OutputParser.m in Sources */,
				74AEC20311435BD700B31661 /* RegexKitLite.m in Sources */,
				3499C63C11438ECE00776DD2 /* CategoryNode.m in Sources */,
				3499C63D11438ECE00776DD2 /* CompilerMessage.m in Sources */,
				3499C63E11438ECE00776DD2 /* MessageNode.m in Sources */,
				3499C63F11438ECE00776DD2 /* OutlineViewNode.m in Sources */,
				3499C64F11438EF500776DD2 /* CategoryCell.m in Sources */,
				3499C65011438EF500776DD2 /* MessageCell.m in Sources */,
				3499C65111438EF500776DD2 /* MessagesTable.m in Sources */,
				3499C65211438EF500776DD2 /* MessagesTableColumn.m in Sources */,
			);
			runOnlyForDeploymentPostprocessing = 0;
		};
/* End PBXSourcesBuildPhase section */

/* Begin XCBuildConfiguration section */
		1DEB913B08733D840010E9CD /* Debug */ = {
			isa = XCBuildConfiguration;
			buildSettings = {
				ALWAYS_SEARCH_USER_PATHS = NO;
				COPY_PHASE_STRIP = NO;
				FRAMEWORK_SEARCH_PATHS = (
					"$(inherited)",
					"\"$(SRCROOT)/../../../../Library/Application Support/Xcode/Frameworks\"",
				);
				GCC_DYNAMIC_NO_PIC = NO;
				GCC_ENABLE_FIX_AND_CONTINUE = YES;
				GCC_MODEL_TUNING = G5;
				GCC_OPTIMIZATION_LEVEL = 0;
				GCC_PRECOMPILE_PREFIX_HEADER = YES;
				GCC_PREFIX_HEADER = TMAS3ComplierErrorsPlugin_Prefix.pch;
				INFOPLIST_FILE = Info.plist;
				INSTALL_PATH = "$(HOME)/Library/Bundles";
				OTHER_LDFLAGS = "-licucore";
				PRODUCT_NAME = TMAS3ComplierErrorsPlugin;
				WRAPPER_EXTENSION = bundle;
			};
			name = Debug;
		};
		1DEB913C08733D840010E9CD /* Release */ = {
			isa = XCBuildConfiguration;
			buildSettings = {
				ALWAYS_SEARCH_USER_PATHS = NO;
				DEBUG_INFORMATION_FORMAT = "dwarf-with-dsym";
				FRAMEWORK_SEARCH_PATHS = (
					"$(inherited)",
					"\"$(SRCROOT)/../../../../Library/Application Support/Xcode/Frameworks\"",
				);
				GCC_MODEL_TUNING = G5;
				GCC_PRECOMPILE_PREFIX_HEADER = YES;
				GCC_PREFIX_HEADER = TMAS3ComplierErrorsPlugin_Prefix.pch;
				INFOPLIST_FILE = Info.plist;
				INSTALL_PATH = "$(HOME)/Library/Bundles";
				PRODUCT_NAME = TMAS3ComplierErrorsPlugin;
				WRAPPER_EXTENSION = bundle;
			};
			name = Release;
		};
		1DEB913F08733D840010E9CD /* Debug */ = {
			isa = XCBuildConfiguration;
			buildSettings = {
				ARCHS = "$(ARCHS_STANDARD_32_BIT)";
				GCC_C_LANGUAGE_STANDARD = c99;
				GCC_OPTIMIZATION_LEVEL = 0;
				GCC_WARN_ABOUT_RETURN_TYPE = YES;
				GCC_WARN_UNUSED_VARIABLE = YES;
				ONLY_ACTIVE_ARCH = YES;
				PREBINDING = NO;
				SDKROOT = macosx10.5;
			};
			name = Debug;
		};
		1DEB914008733D840010E9CD /* Release */ = {
			isa = XCBuildConfiguration;
			buildSettings = {
				ARCHS = "$(ARCHS_STANDARD_32_BIT)";
				GCC_C_LANGUAGE_STANDARD = c99;
				GCC_WARN_ABOUT_RETURN_TYPE = YES;
				GCC_WARN_UNUSED_VARIABLE = YES;
				PREBINDING = NO;
				SDKROOT = macosx10.5;
			};
			name = Release;
		};
/* End XCBuildConfiguration section */

/* Begin XCConfigurationList section */
		1DEB913A08733D840010E9CD /* Build configuration list for PBXNativeTarget "TMAS3ComplierErrorsPlugin" */ = {
			isa = XCConfigurationList;
			buildConfigurations = (
				1DEB913B08733D840010E9CD /* Debug */,
				1DEB913C08733D840010E9CD /* Release */,
			);
			defaultConfigurationIsVisible = 0;
			defaultConfigurationName = Release;
		};
		1DEB913E08733D840010E9CD /* Build configuration list for PBXProject "TMAS3ComplierErrorsPlugin" */ = {
			isa = XCConfigurationList;
			buildConfigurations = (
				1DEB913F08733D840010E9CD /* Debug */,
				1DEB914008733D840010E9CD /* Release */,
			);
			defaultConfigurationIsVisible = 0;
			defaultConfigurationName = Release;
		};
/* End XCConfigurationList section */
	};
	rootObject = 089C1669FE841209C02AAC07 /* Project object */;
}
